
Microsoft Visual Studio Solution File, Format Version 12.00
# Visual Studio Version 17
VisualStudioVersion = 17.7.34024.191
MinimumVisualStudioVersion = 10.0.40219.1
Project("{FAE04EC0-301F-11D3-BF4B-00C04F79EFBC}") = "UserRegistration", "UserRegistration\UserRegistration.csproj", "{6C1E8787-90BA-4C58-A686-980574666D63}"
EndProject
Project("{2150E333-8FDC-42A3-9474-1A3956D46DE8}") = "Solution Items", "Solution Items", "{F9799F01-8369-4323-8381-D9EF15BCFD0A}"
	ProjectSection(SolutionItems) = preProject
		.editorconfig = .editorconfig
	EndProjectSection
EndProject
Global
	GlobalSection(SolutionConfigurationPlatforms) = preSolution
		Debug|Any CPU = Debug|Any CPU
		Release|Any CPU = Release|Any CPU
	EndGlobalSection
	GlobalSection(ProjectConfigurationPlatforms) = postSolution
		{6C1E8787-90BA-4C58-A686-980574666D63}.Debug|Any CPU.ActiveCfg = Debug|Any CPU
		{6C1E8787-90BA-4C58-A686-980574666D63}.Debug|Any CPU.Build.0 = Debug|Any CPU
		{6C1E8787-90BA-4C58-A686-980574666D63}.Release|Any CPU.ActiveCfg = Release|Any CPU
		{6C1E8787-90BA-4C58-A686-980574666D63}.Release|Any CPU.Build.0 = Release|Any CPU
	EndGlobalSection
	GlobalSection(SolutionProperties) = preSolution
		HideSolutionNode = FALSE
	EndGlobalSection
	GlobalSection(ExtensibilityGlobals) = postSolution
		SolutionGuid = {988355B5-4A20-47BC-8C98-253502046228}
	EndGlobalSection
EndGlobal
